
Microsoft Visual Studio Solution File, Format Version 12.00
# Visual Studio Version 17
VisualStudioVersion = 17.0.31903.59
MinimumVisualStudioVersion = 10.0.40219.1
Project("{FAE04EC0-301F-11D3-BF4B-00C04F79EFBC}") = "OrderService", "OrderService\OrderService.csproj", "{3C5C2F9C-8EE8-44AB-B8B0-E3051626CF5E}"
EndProject
Project("{FAE04EC0-301F-11D3-BF4B-00C04F79EFBC}") = "InventoryService", "InventoryService\InventoryService.csproj", "{61E62023-289F-46BD-855C-42731B50D95F}"
EndProject
Project("{FAE04EC0-301F-11D3-BF4B-00C04F79EFBC}") = "ESO", "ESO\ESO.csproj", "{0AE61E0C-3336-4C8B-9AA0-36EB97379550}"
EndProject
Project("{FAE04EC0-301F-11D3-BF4B-00C04F79EFBC}") = "GatewayService", "GatewayService\GatewayService.csproj", "{BAC05885-4A08-45A1-8B24-8F239CEEFFE0}"
EndProject
Project("{FAE04EC0-301F-11D3-BF4B-00C04F79EFBC}") = "Contracts", "Contracts\Contracts.csproj", "{200BD840-904B-464B-BD60-CB79D566C63C}"
EndProject
Global
	GlobalSection(SolutionConfigurationPlatforms) = preSolution
		Debug|Any CPU = Debug|Any CPU
		Release|Any CPU = Release|Any CPU
	EndGlobalSection
	GlobalSection(SolutionProperties) = preSolution
		HideSolutionNode = FALSE
	EndGlobalSection
	GlobalSection(ProjectConfigurationPlatforms) = postSolution
		{3C5C2F9C-8EE8-44AB-B8B0-E3051626CF5E}.Debug|Any CPU.ActiveCfg = Debug|Any CPU
		{3C5C2F9C-8EE8-44AB-B8B0-E3051626CF5E}.Debug|Any CPU.Build.0 = Debug|Any CPU
		{3C5C2F9C-8EE8-44AB-B8B0-E3051626CF5E}.Release|Any CPU.ActiveCfg = Release|Any CPU
		{3C5C2F9C-8EE8-44AB-B8B0-E3051626CF5E}.Release|Any CPU.Build.0 = Release|Any CPU
		{61E62023-289F-46BD-855C-42731B50D95F}.Debug|Any CPU.ActiveCfg = Debug|Any CPU
		{61E62023-289F-46BD-855C-42731B50D95F}.Debug|Any CPU.Build.0 = Debug|Any CPU
		{61E62023-289F-46BD-855C-42731B50D95F}.Release|Any CPU.ActiveCfg = Release|Any CPU
		{61E62023-289F-46BD-855C-42731B50D95F}.Release|Any CPU.Build.0 = Release|Any CPU
		{0AE61E0C-3336-4C8B-9AA0-36EB97379550}.Debug|Any CPU.ActiveCfg = Debug|Any CPU
		{0AE61E0C-3336-4C8B-9AA0-36EB97379550}.Debug|Any CPU.Build.0 = Debug|Any CPU
		{0AE61E0C-3336-4C8B-9AA0-36EB97379550}.Release|Any CPU.ActiveCfg = Release|Any CPU
		{0AE61E0C-3336-4C8B-9AA0-36EB97379550}.Release|Any CPU.Build.0 = Release|Any CPU
		{BAC05885-4A08-45A1-8B24-8F239CEEFFE0}.Debug|Any CPU.ActiveCfg = Debug|Any CPU
		{BAC05885-4A08-45A1-8B24-8F239CEEFFE0}.Debug|Any CPU.Build.0 = Debug|Any CPU
		{BAC05885-4A08-45A1-8B24-8F239CEEFFE0}.Release|Any CPU.ActiveCfg = Release|Any CPU
		{BAC05885-4A08-45A1-8B24-8F239CEEFFE0}.Release|Any CPU.Build.0 = Release|Any CPU
		{200BD840-904B-464B-BD60-CB79D566C63C}.Debug|Any CPU.ActiveCfg = Debug|Any CPU
		{200BD840-904B-464B-BD60-CB79D566C63C}.Debug|Any CPU.Build.0 = Debug|Any CPU
		{200BD840-904B-464B-BD60-CB79D566C63C}.Release|Any CPU.ActiveCfg = Release|Any CPU
		{200BD840-904B-464B-BD60-CB79D566C63C}.Release|Any CPU.Build.0 = Release|Any CPU
	EndGlobalSection
EndGlobal
